
Microsoft Visual Studio Solution File, Format Version 12.00
# Visual Studio Version 17
VisualStudioVersion = 17.5.33627.172
MinimumVisualStudioVersion = 10.0.40219.1
Project("{FAE04EC0-301F-11D3-BF4B-00C04F79EFBC}") = "SmipMqttService", "SmipMqttService.csproj", "{D86CD27A-D51D-4434-961C-E2DB23B23015}"
EndProject
Global
	GlobalSection(SolutionConfigurationPlatforms) = preSolution
		Debug|Any CPU = Debug|Any CPU
		Release|Any CPU = Release|Any CPU
	EndGlobalSection
	GlobalSection(ProjectConfigurationPlatforms) = postSolution
		{D86CD27A-D51D-4434-961C-E2DB23B23015}.Debug|Any CPU.ActiveCfg = Debug|Any CPU
		{D86CD27A-D51D-4434-961C-E2DB23B23015}.Debug|Any CPU.Build.0 = Debug|Any CPU
		{D86CD27A-D51D-4434-961C-E2DB23B23015}.Release|Any CPU.ActiveCfg = Release|Any CPU
		{D86CD27A-D51D-4434-961C-E2DB23B23015}.Release|Any CPU.Build.0 = Release|Any CPU
	EndGlobalSection
	GlobalSection(SolutionProperties) = preSolution
		HideSolutionNode = FALSE
	EndGlobalSection
	GlobalSection(ExtensibilityGlobals) = postSolution
		SolutionGuid = {BBCD7658-249E-4656-B25F-383FE19CBC4B}
	EndGlobalSection
EndGlobal
